
Microsoft Visual Studio Solution File, Format Version 12.00
# Visual Studio Version 17
VisualStudioVersion = 17.6.33801.468
MinimumVisualStudioVersion = 10.0.40219.1
Project("{FAE04EC0-301F-11D3-BF4B-00C04F79EFBC}") = "JenkinsPipelineDemo", "JenkinsPipelineDemo\JenkinsPipelineDemo.csproj", "{D6D2DD29-9B04-476F-8ACB-2B3CBA00354E}"
EndProject
Global
	GlobalSection(SolutionConfigurationPlatforms) = preSolution
		Debug|Any CPU = Debug|Any CPU
		Release|Any CPU = Release|Any CPU
	EndGlobalSection
	GlobalSection(ProjectConfigurationPlatforms) = postSolution
		{D6D2DD29-9B04-476F-8ACB-2B3CBA00354E}.Debug|Any CPU.ActiveCfg = Debug|Any CPU
		{D6D2DD29-9B04-476F-8ACB-2B3CBA00354E}.Debug|Any CPU.Build.0 = Debug|Any CPU
		{D6D2DD29-9B04-476F-8ACB-2B3CBA00354E}.Release|Any CPU.ActiveCfg = Release|Any CPU
		{D6D2DD29-9B04-476F-8ACB-2B3CBA00354E}.Release|Any CPU.Build.0 = Release|Any CPU
	EndGlobalSection
	GlobalSection(SolutionProperties) = preSolution
		HideSolutionNode = FALSE
	EndGlobalSection
	GlobalSection(ExtensibilityGlobals) = postSolution
		SolutionGuid = {658BC6F8-6FBC-444A-84E3-D91864E505D1}
	EndGlobalSection
EndGlobal
